
Microsoft Visual Studio Solution File, Format Version 12.00
# Visual Studio Version 17
VisualStudioVersion = 17.0.32126.317
MinimumVisualStudioVersion = 10.0.40219.1
Project("{8BC9CEB8-8B4A-11D0-8D11-00A0C91BC942}") = "Server", "Server\Server.vcxproj", "{E8FD822A-B70D-4ADC-965B-D3FBA49D6EC3}"
EndProject
Project("{8BC9CEB8-8B4A-11D0-8D11-00A0C91BC942}") = "Client", "Client\Client.vcxproj", "{F9303F3C-3915-4D0F-9DDD-66C17BA54C80}"
EndProject
Project("{8BC9CEB8-8B4A-11D0-8D11-00A0C91BC942}") = "LiteChatGUI", "LiteChatGUI\LiteChatGUI\LiteChatGUI.vcxproj", "{40649D66-AF2B-414A-88D0-4161857E6109}"
EndProject
Project("{8BC9CEB8-8B4A-11D0-8D11-00A0C91BC942}") = "LiteChatTests", "LiteChatTests\LiteChatTests.vcxproj", "{793F5088-05CA-4787-A283-706064A4B026}"
EndProject
Global
	GlobalSection(SolutionConfigurationPlatforms) = preSolution
		Debug|x64 = Debug|x64
		Debug|x86 = Debug|x86
		Release|x64 = Release|x64
		Release|x86 = Release|x86
	EndGlobalSection
	GlobalSection(ProjectConfigurationPlatforms) = postSolution
		{E8FD822A-B70D-4ADC-965B-D3FBA49D6EC3}.Debug|x64.ActiveCfg = Debug|x64
		{E8FD822A-B70D-4ADC-965B-D3FBA49D6EC3}.Debug|x64.Build.0 = Debug|x64
		{E8FD822A-B70D-4ADC-965B-D3FBA49D6EC3}.Debug|x86.ActiveCfg = Debug|Win32
		{E8FD822A-B70D-4ADC-965B-D3FBA49D6EC3}.Debug|x86.Build.0 = Debug|Win32
		{E8FD822A-B70D-4ADC-965B-D3FBA49D6EC3}.Release|x64.ActiveCfg = Release|x64
		{E8FD822A-B70D-4ADC-965B-D3FBA49D6EC3}.Release|x64.Build.0 = Release|x64
		{E8FD822A-B70D-4ADC-965B-D3FBA49D6EC3}.Release|x86.ActiveCfg = Release|Win32
		{E8FD822A-B70D-4ADC-965B-D3FBA49D6EC3}.Release|x86.Build.0 = Release|Win32
		{F9303F3C-3915-4D0F-9DDD-66C17BA54C80}.Debug|x64.ActiveCfg = Debug|x64
		{F9303F3C-3915-4D0F-9DDD-66C17BA54C80}.Debug|x64.Build.0 = Debug|x64
		{F9303F3C-3915-4D0F-9DDD-66C17BA54C80}.Debug|x86.ActiveCfg = Debug|Win32
		{F9303F3C-3915-4D0F-9DDD-66C17BA54C80}.Debug|x86.Build.0 = Debug|Win32
		{F9303F3C-3915-4D0F-9DDD-66C17BA54C80}.Release|x64.ActiveCfg = Release|x64
		{F9303F3C-3915-4D0F-9DDD-66C17BA54C80}.Release|x64.Build.0 = Release|x64
		{F9303F3C-3915-4D0F-9DDD-66C17BA54C80}.Release|x86.ActiveCfg = Release|Win32
		{F9303F3C-3915-4D0F-9DDD-66C17BA54C80}.Release|x86.Build.0 = Release|Win32
		{40649D66-AF2B-414A-88D0-4161857E6109}.Debug|x64.ActiveCfg = Debug|x64
		{40649D66-AF2B-414A-88D0-4161857E6109}.Debug|x64.Build.0 = Debug|x64
		{40649D66-AF2B-414A-88D0-4161857E6109}.Debug|x86.ActiveCfg = Debug|x64
		{40649D66-AF2B-414A-88D0-4161857E6109}.Debug|x86.Build.0 = Debug|x64
		{40649D66-AF2B-414A-88D0-4161857E6109}.Release|x64.ActiveCfg = Release|x64
		{40649D66-AF2B-414A-88D0-4161857E6109}.Release|x64.Build.0 = Release|x64
		{40649D66-AF2B-414A-88D0-4161857E6109}.Release|x86.ActiveCfg = Release|x64
		{40649D66-AF2B-414A-88D0-4161857E6109}.Release|x86.Build.0 = Release|x64
		{793F5088-05CA-4787-A283-706064A4B026}.Debug|x64.ActiveCfg = Debug|x64
		{793F5088-05CA-4787-A283-706064A4B026}.Debug|x64.Build.0 = Debug|x64
		{793F5088-05CA-4787-A283-706064A4B026}.Debug|x86.ActiveCfg = Debug|Win32
		{793F5088-05CA-4787-A283-706064A4B026}.Debug|x86.Build.0 = Debug|Win32
		{793F5088-05CA-4787-A283-706064A4B026}.Release|x64.ActiveCfg = Release|x64
		{793F5088-05CA-4787-A283-706064A4B026}.Release|x64.Build.0 = Release|x64
		{793F5088-05CA-4787-A283-706064A4B026}.Release|x86.ActiveCfg = Release|Win32
		{793F5088-05CA-4787-A283-706064A4B026}.Release|x86.Build.0 = Release|Win32
	EndGlobalSection
	GlobalSection(SolutionProperties) = preSolution
		HideSolutionNode = FALSE
	EndGlobalSection
	GlobalSection(ExtensibilityGlobals) = postSolution
		SolutionGuid = {B79F6A8E-EF86-4424-8402-91E481F5380C}
	EndGlobalSection
EndGlobal
